
Microsoft Visual Studio Solution File, Format Version 12.00
# Visual Studio Version 17
VisualStudioVersion = 17.6.33815.320
MinimumVisualStudioVersion = 10.0.40219.1
Project("{FAE04EC0-301F-11D3-BF4B-00C04F79EFBC}") = "00003. TheMainAppMethodDemo", "00003. TheMainAppMethodDemo.csproj", "{6E2EB4B1-0051-4E56-8BEB-5E363BCE2ADE}"
EndProject
Global
	GlobalSection(SolutionConfigurationPlatforms) = preSolution
		Debug|Any CPU = Debug|Any CPU
		Release|Any CPU = Release|Any CPU
	EndGlobalSection
	GlobalSection(ProjectConfigurationPlatforms) = postSolution
		{6E2EB4B1-0051-4E56-8BEB-5E363BCE2ADE}.Debug|Any CPU.ActiveCfg = Debug|Any CPU
		{6E2EB4B1-0051-4E56-8BEB-5E363BCE2ADE}.Debug|Any CPU.Build.0 = Debug|Any CPU
		{6E2EB4B1-0051-4E56-8BEB-5E363BCE2ADE}.Release|Any CPU.ActiveCfg = Release|Any CPU
		{6E2EB4B1-0051-4E56-8BEB-5E363BCE2ADE}.Release|Any CPU.Build.0 = Release|Any CPU
	EndGlobalSection
	GlobalSection(SolutionProperties) = preSolution
		HideSolutionNode = FALSE
	EndGlobalSection
	GlobalSection(ExtensibilityGlobals) = postSolution
		SolutionGuid = {C6EDFD43-D2C4-4059-B16E-4497FE9E7732}
	EndGlobalSection
EndGlobal
