
Microsoft Visual Studio Solution File, Format Version 12.00
# Visual Studio Version 17
VisualStudioVersion = 17.6.33829.357
MinimumVisualStudioVersion = 10.0.40219.1
Project("{FAE04EC0-301F-11D3-BF4B-00C04F79EFBC}") = "LogicalOperators", "LogicalOperators\LogicalOperators.csproj", "{9369BE2F-3923-452D-A32A-88CDE134D347}"
EndProject
Global
	GlobalSection(SolutionConfigurationPlatforms) = preSolution
		Debug|Any CPU = Debug|Any CPU
		Release|Any CPU = Release|Any CPU
	EndGlobalSection
	GlobalSection(ProjectConfigurationPlatforms) = postSolution
		{9369BE2F-3923-452D-A32A-88CDE134D347}.Debug|Any CPU.ActiveCfg = Debug|Any CPU
		{9369BE2F-3923-452D-A32A-88CDE134D347}.Debug|Any CPU.Build.0 = Debug|Any CPU
		{9369BE2F-3923-452D-A32A-88CDE134D347}.Release|Any CPU.ActiveCfg = Release|Any CPU
		{9369BE2F-3923-452D-A32A-88CDE134D347}.Release|Any CPU.Build.0 = Release|Any CPU
	EndGlobalSection
	GlobalSection(SolutionProperties) = preSolution
		HideSolutionNode = FALSE
	EndGlobalSection
	GlobalSection(ExtensibilityGlobals) = postSolution
		SolutionGuid = {0E85E596-BA54-4536-9888-496C6D3405AB}
	EndGlobalSection
EndGlobal
