
Microsoft Visual Studio Solution File, Format Version 12.00
# Visual Studio Version 17
VisualStudioVersion = 17.6.33829.357
MinimumVisualStudioVersion = 10.0.40219.1
Project("{FAE04EC0-301F-11D3-BF4B-00C04F79EFBC}") = "MoreFunctions", "MoreFunctions\MoreFunctions.csproj", "{1321F66A-0592-44D4-B256-3C039F9FEA78}"
EndProject
Global
	GlobalSection(SolutionConfigurationPlatforms) = preSolution
		Debug|Any CPU = Debug|Any CPU
		Release|Any CPU = Release|Any CPU
	EndGlobalSection
	GlobalSection(ProjectConfigurationPlatforms) = postSolution
		{1321F66A-0592-44D4-B256-3C039F9FEA78}.Debug|Any CPU.ActiveCfg = Debug|Any CPU
		{1321F66A-0592-44D4-B256-3C039F9FEA78}.Debug|Any CPU.Build.0 = Debug|Any CPU
		{1321F66A-0592-44D4-B256-3C039F9FEA78}.Release|Any CPU.ActiveCfg = Release|Any CPU
		{1321F66A-0592-44D4-B256-3C039F9FEA78}.Release|Any CPU.Build.0 = Release|Any CPU
	EndGlobalSection
	GlobalSection(SolutionProperties) = preSolution
		HideSolutionNode = FALSE
	EndGlobalSection
	GlobalSection(ExtensibilityGlobals) = postSolution
		SolutionGuid = {476CDD58-E189-4F88-B415-8BC50DCB3FDC}
	EndGlobalSection
EndGlobal
