
Microsoft Visual Studio Solution File, Format Version 12.00
# Visual Studio Version 17
VisualStudioVersion = 17.6.33829.357
MinimumVisualStudioVersion = 10.0.40219.1
Project("{FAE04EC0-301F-11D3-BF4B-00C04F79EFBC}") = "FunctionExtractor", "FunctionExtractor\FunctionExtractor.csproj", "{E354A928-8616-4AF7-A04E-AE642D326676}"
EndProject
Global
	GlobalSection(SolutionConfigurationPlatforms) = preSolution
		Debug|Any CPU = Debug|Any CPU
		Release|Any CPU = Release|Any CPU
	EndGlobalSection
	GlobalSection(ProjectConfigurationPlatforms) = postSolution
		{E354A928-8616-4AF7-A04E-AE642D326676}.Debug|Any CPU.ActiveCfg = Debug|Any CPU
		{E354A928-8616-4AF7-A04E-AE642D326676}.Debug|Any CPU.Build.0 = Debug|Any CPU
		{E354A928-8616-4AF7-A04E-AE642D326676}.Release|Any CPU.ActiveCfg = Release|Any CPU
		{E354A928-8616-4AF7-A04E-AE642D326676}.Release|Any CPU.Build.0 = Release|Any CPU
	EndGlobalSection
	GlobalSection(SolutionProperties) = preSolution
		HideSolutionNode = FALSE
	EndGlobalSection
	GlobalSection(ExtensibilityGlobals) = postSolution
		SolutionGuid = {26964406-84CA-4096-BD4D-C3FF0821004C}
	EndGlobalSection
EndGlobal
